{
  "name": "login",
  "version": "1.0.0",
  "lockfileVersion": 1,
  "requires": true,
  "dependencies": {
    "weui-miniprogram": {
      "version": "0.1.10",
      "resolved": "https://registry.npmjs.org/weui-miniprogram/-/weui-miniprogram-0.1.10.tgz",
      "integrity": "sha512-QLtqS8WoLhg6/oXeqc6j/ZJ2MaFx7bU7l0K3/UTrjzc68upPLdehgpfeOZHXkG7QLZPvVRTodzkQmp8BLwWazg=="
    }
  }
}
